
Microsoft Visual Studio Solution File, Format Version 12.00
# Visual Studio Version 16
VisualStudioVersion = 16.0.30804.86
MinimumVisualStudioVersion = 10.0.40219.1
Project("{9A19103F-16F7-4668-BE54-9A1E7A4F7556}") = "CafeProject", "..\CafeProject.csproj", "{FDFDF02E-6A3C-48FC-A348-8951411D20EF}"
EndProject
Global
	GlobalSection(SolutionConfigurationPlatforms) = preSolution
		Debug|Any CPU = Debug|Any CPU
		Release|Any CPU = Release|Any CPU
	EndGlobalSection
	GlobalSection(ProjectConfigurationPlatforms) = postSolution
		{FDFDF02E-6A3C-48FC-A348-8951411D20EF}.Debug|Any CPU.ActiveCfg = Debug|Any CPU
		{FDFDF02E-6A3C-48FC-A348-8951411D20EF}.Debug|Any CPU.Build.0 = Debug|Any CPU
		{FDFDF02E-6A3C-48FC-A348-8951411D20EF}.Release|Any CPU.ActiveCfg = Release|Any CPU
		{FDFDF02E-6A3C-48FC-A348-8951411D20EF}.Release|Any CPU.Build.0 = Release|Any CPU
	EndGlobalSection
	GlobalSection(SolutionProperties) = preSolution
		HideSolutionNode = FALSE
	EndGlobalSection
	GlobalSection(ExtensibilityGlobals) = postSolution
		SolutionGuid = {28A720FD-6459-45C5-A061-3027346456B6}
	EndGlobalSection
EndGlobal
